PODS:
  - Flutter (1.0.0)
  - mapkit_snapshotter_flutter_plus (0.0.1):
    - Flutter

DEPENDENCIES:
  - Flutter (from `Flutter`)
  - mapkit_snapshotter_flutter_plus (from `.symlinks/plugins/mapkit_snapshotter_flutter_plus/ios`)

EXTERNAL SOURCES:
  Flutter:
    :path: Flutter
  mapkit_snapshotter_flutter_plus:
    :path: ".symlinks/plugins/mapkit_snapshotter_flutter_plus/ios"

SPEC CHECKSUMS:
  Flutter: e0871f40cf51350855a761d2e70bf5af5b9b5de7
  mapkit_snapshotter_flutter_plus: 9667c8ecfdbe98b2c82d1d4f413ca6a4cef69216

PODFILE CHECKSUM: c4c93c5f6502fe2754f48404d3594bf779584011

COCOAPODS: 1.16.2
